{
  "projects": [
    {
      "projectId": "hPAx2Po3YSE2fzFsJw5Trv",
      "version": "0.0.1",
      "dependencies": {},
      "lang": "ts",
      "fileLocks": [
        {
          "assetId": "hPAx2Po3YSE2fzFsJw5Trv",
          "type": "projectCss",
          "checksum": "6432062e987376e962a85d9a86a1d03d"
        },
        {
          "type": "image",
          "assetId": "pAcQ-9j-MkaY",
          "checksum": "c263e67c06cb18ec9feeae243a6f8fa0"
        }
      ],
      "codegenVersion": "0.0.1"
    },
    {
      "projectId": "49wF7zG85s5BmUvuzSq52Y",
      "version": "0.0.1",
      "dependencies": {
        "hPAx2Po3YSE2fzFsJw5Trv": "0.0.1"
      },
      "lang": "ts",
      "fileLocks": [
        {
          "assetId": "49wF7zG85s5BmUvuzSq52Y",
          "type": "projectCss",
          "checksum": "689c29ede030b9b09529c47a27ad1f90"
        },
        {
          "type": "image",
          "assetId": "bSXI1Z8uktJBvH",
          "checksum": "dd6dc0328be5561986cefb34e26fa55e"
        }
      ],
      "codegenVersion": "0.0.1"
    },
    {
      "projectId": "v9K2EjBMfgxWsQ5xC6ATsB",
      "version": "latest",
      "dependencies": {
        "49wF7zG85s5BmUvuzSq52Y": "0.0.1"
      },
      "lang": "ts",
      "fileLocks": [
        {
          "type": "globalVariant",
          "assetId": "eJWteQLTxDUf",
          "checksum": "b7f30ba07c45d400f9b199b5b5d07df5"
        },
        {
          "type": "renderModule",
          "assetId": "BkQEX8ERi88G",
          "checksum": "3ca7fd9aeaca2dd0df34b17a9481804a"
        },
        {
          "type": "cssRules",
          "assetId": "BkQEX8ERi88G",
          "checksum": "3ca7fd9aeaca2dd0df34b17a9481804a"
        },
        {
          "type": "renderModule",
          "assetId": "GJxuAGuODDwD",
          "checksum": "6e48ab8ccd9cf841efb263d2cdd10594"
        },
        {
          "type": "cssRules",
          "assetId": "GJxuAGuODDwD",
          "checksum": "6e48ab8ccd9cf841efb263d2cdd10594"
        },
        {
          "type": "renderModule",
          "assetId": "mCYYW9UKukDq",
          "checksum": "316ed303f5cc54d87f0c6e69fc17d17d"
        },
        {
          "type": "cssRules",
          "assetId": "mCYYW9UKukDq",
          "checksum": "316ed303f5cc54d87f0c6e69fc17d17d"
        },
        {
          "type": "renderModule",
          "assetId": "IcxtRwsLDNXC",
          "checksum": "10189bee6548089c9647c3580695e526"
        },
        {
          "type": "cssRules",
          "assetId": "IcxtRwsLDNXC",
          "checksum": "10189bee6548089c9647c3580695e526"
        },
        {
          "type": "renderModule",
          "assetId": "7nKd3J5jkvRy",
          "checksum": "8df5b6e338dadb631c08c977da7d9f23"
        },
        {
          "type": "cssRules",
          "assetId": "7nKd3J5jkvRy",
          "checksum": "8df5b6e338dadb631c08c977da7d9f23"
        },
        {
          "type": "renderModule",
          "assetId": "oJ8LfnluUByG",
          "checksum": "f65a5cca537c8c54d760836ea0e6e352"
        },
        {
          "type": "cssRules",
          "assetId": "oJ8LfnluUByG",
          "checksum": "f65a5cca537c8c54d760836ea0e6e352"
        },
        {
          "type": "renderModule",
          "assetId": "i1x7Xze2vbS-",
          "checksum": "4a29294feefc76eb916a7a3eb517053b"
        },
        {
          "type": "cssRules",
          "assetId": "i1x7Xze2vbS-",
          "checksum": "4a29294feefc76eb916a7a3eb517053b"
        },
        {
          "type": "renderModule",
          "assetId": "X6m2OMf1r7Nr",
          "checksum": "b0b21137d2891e1d2ddc5621daf4dc55"
        },
        {
          "type": "cssRules",
          "assetId": "X6m2OMf1r7Nr",
          "checksum": "b0b21137d2891e1d2ddc5621daf4dc55"
        },
        {
          "type": "renderModule",
          "assetId": "cAutWQ1m0bVt",
          "checksum": "d677c07ff6602d119aa2c3e7b91780a1"
        },
        {
          "type": "cssRules",
          "assetId": "cAutWQ1m0bVt",
          "checksum": "d677c07ff6602d119aa2c3e7b91780a1"
        },
        {
          "type": "renderModule",
          "assetId": "FanTsC9TsYHD",
          "checksum": "1a7bd4b97ac77c1b24f620204401a1ea"
        },
        {
          "type": "cssRules",
          "assetId": "FanTsC9TsYHD",
          "checksum": "1a7bd4b97ac77c1b24f620204401a1ea"
        },
        {
          "type": "renderModule",
          "assetId": "Yw3tB8Ww6yzi",
          "checksum": "ed02e962023e0d3f5144f618800635a1"
        },
        {
          "type": "cssRules",
          "assetId": "Yw3tB8Ww6yzi",
          "checksum": "ed02e962023e0d3f5144f618800635a1"
        },
        {
          "type": "renderModule",
          "assetId": "k9U4aHFxFE0c",
          "checksum": "90ec4d44e4716b12bad321ae66abc2a3"
        },
        {
          "type": "cssRules",
          "assetId": "k9U4aHFxFE0c",
          "checksum": "90ec4d44e4716b12bad321ae66abc2a3"
        },
        {
          "type": "icon",
          "assetId": "ryE6OeKCPAsC",
          "checksum": "d6e36fda13b528efa639ac475e756c39"
        },
        {
          "type": "icon",
          "assetId": "HxVuzo9Hw5zX",
          "checksum": "14e30b3c1d1d7b9d018d7cc88830a8d1"
        },
        {
          "type": "icon",
          "assetId": "sA_PcaHKQ0gG",
          "checksum": "4511a1fc5c9cd0c68a3bc2b36f5e5cba"
        },
        {
          "type": "icon",
          "assetId": "-GsD1lPQfgan",
          "checksum": "a18e8a7d772426bf2762fe84c7adda00"
        },
        {
          "type": "icon",
          "assetId": "E8-Exrb7bRQi",
          "checksum": "f6450e27f577df9421a55655869d6c17"
        },
        {
          "type": "icon",
          "assetId": "6sJCsyR27j0O",
          "checksum": "4f3179e70fe858e3ea019e091e94cdb5"
        },
        {
          "type": "image",
          "assetId": "fSGbIB3EsnCB",
          "checksum": "9a29afb1bbb949674cafca47a63d39f4"
        },
        {
          "type": "image",
          "assetId": "X1PHdSAZDJBA",
          "checksum": "fc26e6b51c8e7a2fbe6433489c672868"
        },
        {
          "type": "image",
          "assetId": "FOTTVxkmWKsW",
          "checksum": "574007012088e5479ff4af2edcc06945"
        },
        {
          "type": "image",
          "assetId": "kZmYkmNf7yPL",
          "checksum": "e23360b047ae8aef369b6fbe1d15ca94"
        },
        {
          "type": "image",
          "assetId": "k4ifLShUSpfG",
          "checksum": "f94fb33bb3f17ae5421fd6f024922bf5"
        },
        {
          "type": "image",
          "assetId": "--wEzfBi1hHU",
          "checksum": "37f2a5f0e657a311032dac5f2dd11950"
        },
        {
          "type": "image",
          "assetId": "FT7eIT8KEmZs",
          "checksum": "8d1904e8376044ede1c855903a162421"
        },
        {
          "type": "image",
          "assetId": "8e35mTutjaxb",
          "checksum": "95b9836da3b22ecb57cb339cc3a36090"
        },
        {
          "type": "image",
          "assetId": "rbYYWSlU9s0x",
          "checksum": "107d4bd0ffa705f5c9a1815f43d1edb8"
        },
        {
          "type": "renderModule",
          "assetId": "qWWKBPcfWVjj",
          "checksum": "a47f839b40d90acf44c951ee9405fb7f"
        },
        {
          "type": "cssRules",
          "assetId": "qWWKBPcfWVjj",
          "checksum": "a47f839b40d90acf44c951ee9405fb7f"
        },
        {
          "type": "renderModule",
          "assetId": "aUTxAm6Oat_O",
          "checksum": "c27d494cf6f56c50d6d8d9cffb2b1a79"
        },
        {
          "type": "cssRules",
          "assetId": "aUTxAm6Oat_O",
          "checksum": "c27d494cf6f56c50d6d8d9cffb2b1a79"
        },
        {
          "type": "icon",
          "assetId": "TO4Zt8XFZ3b4",
          "checksum": "db4ac5d8f57d20716aa4bd8f6af0e463"
        },
        {
          "type": "renderModule",
          "assetId": "l-dg2ALkbs_8",
          "checksum": "173ec3c0e7fa4416c2d219bc26e22f49"
        },
        {
          "type": "cssRules",
          "assetId": "l-dg2ALkbs_8",
          "checksum": "173ec3c0e7fa4416c2d219bc26e22f49"
        },
        {
          "type": "renderModule",
          "assetId": "kZP6nXkBVFBb",
          "checksum": "86829815d761070dc127550be405fddb"
        },
        {
          "type": "cssRules",
          "assetId": "kZP6nXkBVFBb",
          "checksum": "86829815d761070dc127550be405fddb"
        },
        {
          "type": "image",
          "assetId": "4Q4uU4hkPzM2",
          "checksum": "15a0d0757c9ef021ea1d8bb0cf8eba21"
        },
        {
          "type": "renderModule",
          "assetId": "eVM8JIc_WVvG",
          "checksum": "0e13aba55474d30b45988bc6889557e7"
        },
        {
          "type": "cssRules",
          "assetId": "eVM8JIc_WVvG",
          "checksum": "0e13aba55474d30b45988bc6889557e7"
        },
        {
          "assetId": "v9K2EjBMfgxWsQ5xC6ATsB",
          "type": "projectCss",
          "checksum": "c995757b456632c826c4de539a0950aa"
        },
        {
          "type": "image",
          "assetId": "iIZr2EbCrYe6",
          "checksum": "2b1aa50d451495abd3133c96c8388e6f"
        }
      ],
      "codegenVersion": "0.0.1"
    }
  ],
  "cliVersion": "0.1.331"
}
